// !$*UTF8*$!
{
	archiveVersion = 1;
	classes = {
	};
	objectVersion = 50;
	objects = {

/* Begin PBXBuildFile section */
		3C4F6C7E240D212B00DEEB2A /* AppDelegate.swift in Sources */ = {isa = PBXBuildFile; fileRef = 3C4F6C7D240D212B00DEEB2A /* AppDelegate.swift */; };
		3C4F6C80240D212B00DEEB2A /* SceneDelegate.swift in Sources */ = {isa = PBXBuildFile; fileRef = 3C4F6C7F240D212B00DEEB2A /* SceneDelegate.swift */; };
		3C4F6C82240D212B00DEEB2A /* ViewController.swift in Sources */ = {isa = PBXBuildFile; fileRef = 3C4F6C81240D212B00DEEB2A /* ViewController.swift */; };
		3C4F6C85240D212B00DEEB2A /* Main.storyboard in Resources */ = {isa = PBXBuildFile; fileRef = 3C4F6C83240D212B00DEEB2A /* Main.storyboard */; };
		3C4F6C87240D212D00DEEB2A /* Assets.xcassets in Resources */ = {isa = PBXBuildFile; fileRef = 3C4F6C86240D212D00DEEB2A /* Assets.xcassets */; };
		3C4F6C8A240D212D00DEEB2A /* LaunchScreen.storyboard in Resources */ = {isa = PBXBuildFile; fileRef = 3C4F6C88240D212D00DEEB2A /* LaunchScreen.storyboard */; };
		3C4F6C95240D212D00DEEB2A /* StringTestTests.swift in Sources */ = {isa = PBXBuildFile; fileRef = 3C4F6C94240D212D00DEEB2A /* StringTestTests.swift */; };
/* End PBXBuildFile section */

/* Begin PBXContainerItemProxy section */
		3C4F6C91240D212D00DEEB2A /* PBXContainerItemProxy */ = {
			isa = PBXContainerItemProxy;
			containerPortal = 3C4F6C72240D212B00DEEB2A /* Project object */;
			proxyType = 1;
			remoteGlobalIDString = 3C4F6C79240D212B00DEEB2A;
			remoteInfo = StringTest;
		};
/* End PBXContainerItemProxy section */

/* Begin PBXFileReference section */
		3C4F6C7A240D212B00DEEB2A /* StringTest.app */ = {isa = PBXFileReference; explicitFileType = wrapper.application; includeInIndex = 0; path = StringTest.app; sourceTree = BUILT_PRODUCTS_DIR; };
		3C4F6C7D240D212B00DEEB2A /* AppDelegate.swift */ = {isa = PBXFileReference; lastKnownFileType = sourcecode.swift; path = AppDelegate.swift; sourceTree = "<group>"; };
		3C4F6C7F240D212B00DEEB2A /* SceneDelegate.swift */ = {isa = PBXFileReference; lastKnownFileType = sourcecode.swift; path = SceneDelegate.swift; sourceTree = "<group>"; };
		3C4F6C81240D212B00DEEB2A /* ViewController.swift */ = {isa = PBXFileReference; lastKnownFileType = sourcecode.swift; path = ViewController.swift; sourceTree = "<group>"; };
		3C4F6C84240D212B00DEEB2A /* Base */ = {isa = PBXFileReference; lastKnownFileType = file.storyboard; name = Base; path = Base.lproj/Main.storyboard; sourceTree = "<group>"; };
		3C4F6C86240D212D00DEEB2A /* Assets.xcassets */ = {isa = PBXFileReference; lastKnownFileType = folder.assetcatalog; path = Assets.xcassets; sourceTree = "<group>"; };
		3C4F6C89240D212D00DEEB2A /* Base */ = {isa = PBXFileReference; lastKnownFileType = file.storyboard; name = Base; path = Base.lproj/LaunchScreen.storyboard; sourceTree = "<group>"; };
		3C4F6C8B240D212D00DEEB2A /* Info.plist */ = {isa = PBXFileReference; lastKnownFileType = text.plist.xml; path = Info.plist; sourceTree = "<group>"; };
		3C4F6C90240D212D00DEEB2A /* StringTestTests.xctest */ = {isa = PBXFileReference; explicitFileType = wrapper.cfbundle; includeInIndex = 0; path = StringTestTests.xctest; sourceTree = BUILT_PRODUCTS_DIR; };
		3C4F6C94240D212D00DEEB2A /* StringTestTests.swift */ = {isa = PBXFileReference; lastKnownFileType = sourcecode.swift; path = StringTestTests.swift; sourceTree = "<group>"; };
		3C4F6C96240D212D00DEEB2A /* Info.plist */ = {isa = PBXFileReference; lastKnownFileType = text.plist.xml; path = Info.plist; sourceTree = "<group>"; };
/* End PBXFileReference section */

/* Begin PBXFrameworksBuildPhase section */
		3C4F6C77240D212B00DEEB2A /* Frameworks */ = {
			isa = PBXFrameworksBuildPhase;
			buildActionMask = 2147483647;
			files = (
			);
			runOnlyForDeploymentPostprocessing = 0;
		};
		3C4F6C8D240D212D00DEEB2A /* Frameworks */ = {
			isa = PBXFrameworksBuildPhase;
			buildActionMask = 2147483647;
			files = (
			);
			runOnlyForDeploymentPostprocessing = 0;
		};
/* End PBXFrameworksBuildPhase section */

/* Begin PBXGroup section */
		3C4F6C71240D212B00DEEB2A = {
			isa = PBXGroup;
			children = (
				3C4F6C7C240D212B00DEEB2A /* StringTest */,
				3C4F6C93240D212D00DEEB2A /* StringTestTests */,
				3C4F6C7B240D212B00DEEB2A /* Products */,
			);
			sourceTree = "<group>";
		};
		3C4F6C7B240D212B00DEEB2A /* Products */ = {
			isa = PBXGroup;
			children = (
				3C4F6C7A240D212B00DEEB2A /* StringTest.app */,
				3C4F6C90240D212D00DEEB2A /* StringTestTests.xctest */,
			);
			name = Products;
			sourceTree = "<group>";
		};
		3C4F6C7C240D212B00DEEB2A /* StringTest */ = {
			isa = PBXGroup;
			children = (
				3C4F6C7D240D212B00DEEB2A /* AppDelegate.swift */,
				3C4F6C7F240D212B00DEEB2A /* SceneDelegate.swift */,
				3C4F6C81240D212B00DEEB2A /* ViewController.swift */,
				3C4F6C83240D212B00DEEB2A /* Main.storyboard */,
				3C4F6C86240D212D00DEEB2A /* Assets.xcassets */,
				3C4F6C88240D212D00DEEB2A /* LaunchScreen.storyboard */,
				3C4F6C8B240D212D00DEEB2A /* Info.plist */,
			);
			path = StringTest;
			sourceTree = "<group>";
		};
		3C4F6C93240D212D00DEEB2A /* StringTestTests */ = {
			isa = PBXGroup;
			children = (
				3C4F6C94240D212D00DEEB2A /* StringTestTests.swift */,
				3C4F6C96240D212D00DEEB2A /* Info.plist */,
			);
			path = StringTestTests;
			sourceTree = "<group>";
		};
/* End PBXGroup section */

/* Begin PBXNativeTarget section */
		3C4F6C79240D212B00DEEB2A /* StringTest */ = {
			isa = PBXNativeTarget;
			buildConfigurationList = 3C4F6C99240D212D00DEEB2A /* Build configuration list for PBXNativeTarget "StringTest" */;
			buildPhases = (
				3C4F6C76240D212B00DEEB2A /* Sources */,
				3C4F6C77240D212B00DEEB2A /* Frameworks */,
				3C4F6C78240D212B00DEEB2A /* Resources */,
			);
			buildRules = (
			);
			dependencies = (
			);
			name = StringTest;
			productName = StringTest;
			productReference = 3C4F6C7A240D212B00DEEB2A /* StringTest.app */;
			productType = "com.apple.product-type.application";
		};
		3C4F6C8F240D212D00DEEB2A /* StringTestTests */ = {
			isa = PBXNativeTarget;
			buildConfigurationList = 3C4F6C9C240D212D00DEEB2A /* Build configuration list for PBXNativeTarget "StringTestTests" */;
			buildPhases = (
				3C4F6C8C240D212D00DEEB2A /* Sources */,
				3C4F6C8D240D212D00DEEB2A /* Frameworks */,
				3C4F6C8E240D212D00DEEB2A /* Resources */,
			);
			buildRules = (
			);
			dependencies = (
				3C4F6C92240D212D00DEEB2A /* PBXTargetDependency */,
			);
			name = StringTestTests;
			productName = StringTestTests;
			productReference = 3C4F6C90240D212D00DEEB2A /* StringTestTests.xctest */;
			productType = "com.apple.product-type.bundle.unit-test";
		};
/* End PBXNativeTarget section */

/* Begin PBXProject section */
		3C4F6C72240D212B00DEEB2A /* Project object */ = {
			isa = PBXProject;
			attributes = {
				LastSwiftUpdateCheck = 1130;
				LastUpgradeCheck = 1130;
				ORGANIZATIONNAME = Rawd;
				TargetAttributes = {
					3C4F6C79240D212B00DEEB2A = {
						CreatedOnToolsVersion = 11.3.1;
					};
					3C4F6C8F240D212D00DEEB2A = {
						CreatedOnToolsVersion = 11.3.1;
						TestTargetID = 3C4F6C79240D212B00DEEB2A;
					};
				};
			};
			buildConfigurationList = 3C4F6C75240D212B00DEEB2A /* Build configuration list for PBXProject "StringTest" */;
			compatibilityVersion = "Xcode 9.3";
			developmentRegion = en;
			hasScannedForEncodings = 0;
			knownRegions = (
				en,
				Base,
			);
			mainGroup = 3C4F6C71240D212B00DEEB2A;
			productRefGroup = 3C4F6C7B240D212B00DEEB2A /* Products */;
			projectDirPath = "";
			projectRoot = "";
			targets = (
				3C4F6C79240D212B00DEEB2A /* StringTest */,
				3C4F6C8F240D212D00DEEB2A /* StringTestTests */,
			);
		};
/* End PBXProject section */

/* Begin PBXResourcesBuildPhase section */
		3C4F6C78240D212B00DEEB2A /* Resources */ = {
			isa = PBXResourcesBuildPhase;
			buildActionMask = 2147483647;
			files = (
				3C4F6C8A240D212D00DEEB2A /* LaunchScreen.storyboard in Resources */,
				3C4F6C87240D212D00DEEB2A /* Assets.xcassets in Resources */,
				3C4F6C85240D212B00DEEB2A /* Main.storyboard in Resources */,
			);
			runOnlyForDeploymentPostprocessing = 0;
		};
		3C4F6C8E240D212D00DEEB2A /* Resources */ = {
			isa = PBXResourcesBuildPhase;
			buildActionMask = 2147483647;
			files = (
			);
			runOnlyForDeploymentPostprocessing = 0;
		};
/* End PBXResourcesBuildPhase section */

/* Begin PBXSourcesBuildPhase section */
		3C4F6C76240D212B00DEEB2A /* Sources */ = {
			isa = PBXSourcesBuildPhase;
			buildActionMask = 2147483647;
			files = (
				3C4F6C82240D212B00DEEB2A /* ViewController.swift in Sources */,
				3C4F6C7E240D212B00DEEB2A /* AppDelegate.swift in Sources */,
				3C4F6C80240D212B00DEEB2A /* SceneDelegate.swift in Sources */,
			);
			runOnlyForDeploymentPostprocessing = 0;
		};
		3C4F6C8C240D212D00DEEB2A /* Sources */ = {
			isa = PBXSourcesBuildPhase;
			buildActionMask = 2147483647;
			files = (
				3C4F6C95240D212D00DEEB2A /* StringTestTests.swift in Sources */,
			);
			runOnlyForDeploymentPostprocessing = 0;
		};
/* End PBXSourcesBuildPhase section */

/* Begin PBXTargetDependency section */
		3C4F6C92240D212D00DEEB2A /* PBXTargetDependency */ = {
			isa = PBXTargetDependency;
			target = 3C4F6C79240D212B00DEEB2A /* StringTest */;
			targetProxy = 3C4F6C91240D212D00DEEB2A /* PBXContainerItemProxy */;
		};
/* End PBXTargetDependency section */

/* Begin PBXVariantGroup section */
		3C4F6C83240D212B00DEEB2A /* Main.storyboard */ = {
			isa = PBXVariantGroup;
			children = (
				3C4F6C84240D212B00DEEB2A /* Base */,
			);
			name = Main.storyboard;
			sourceTree = "<group>";
		};
		3C4F6C88240D212D00DEEB2A /* LaunchScreen.storyboard */ = {
			isa = PBXVariantGroup;
			children = (
				3C4F6C89240D212D00DEEB2A /* Base */,
			);
			name = LaunchScreen.storyboard;
			sourceTree = "<group>";
		};
/* End PBXVariantGroup section */

/* Begin XCBuildConfiguration section */
		3C4F6C97240D212D00DEEB2A /* Debug */ = {
			isa = XCBuildConfiguration;
			buildSettings = {
				ALWAYS_SEARCH_USER_PATHS = NO;
				CLANG_ANALYZER_NONNULL = YES;
				CLANG_ANALYZER_NUMBER_OBJECT_CONVERSION = YES_AGGRESSIVE;
				CLANG_CXX_LANGUAGE_STANDARD = "gnu++14";
				CLANG_CXX_LIBRARY = "libc++";
				CLANG_ENABLE_MODULES = YES;
				CLANG_ENABLE_OBJC_ARC = YES;
				CLANG_ENABLE_OBJC_WEAK = YES;
				CLANG_WARN_BLOCK_CAPTURE_AUTORELEASING = YES;
				CLANG_WARN_BOOL_CONVERSION = YES;
				CLANG_WARN_COMMA = YES;
				CLANG_WARN_CONSTANT_CONVERSION = YES;
				CLANG_WARN_DEPRECATED_OBJC_IMPLEMENTATIONS = YES;
				CLANG_WARN_DIRECT_OBJC_ISA_USAGE = YES_ERROR;
				CLANG_WARN_DOCUMENTATION_COMMENTS = YES;
				CLANG_WARN_EMPTY_BODY = YES;
				CLANG_WARN_ENUM_CONVERSION = YES;
				CLANG_WARN_INFINITE_RECURSION = YES;
				CLANG_WARN_INT_CONVERSION = YES;
				CLANG_WARN_NON_LITERAL_NULL_CONVERSION = YES;
				CLANG_WARN_OBJC_IMPLICIT_RETAIN_SELF = YES;
				CLANG_WARN_OBJC_LITERAL_CONVERSION = YES;
				CLANG_WARN_OBJC_ROOT_CLASS = YES_ERROR;
				CLANG_WARN_RANGE_LOOP_ANALYSIS = YES;
				CLANG_WARN_STRICT_PROTOTYPES = YES;
				CLANG_WARN_SUSPICIOUS_MOVE = YES;
				CLANG_WARN_UNGUARDED_AVAILABILITY = YES_AGGRESSIVE;
				CLANG_WARN_UNREACHABLE_CODE = YES;
				CLANG_WARN__DUPLICATE_METHOD_MATCH = YES;
				COPY_PHASE_STRIP = NO;
				DEBUG_INFORMATION_FORMAT = dwarf;
				ENABLE_STRICT_OBJC_MSGSEND = YES;
				ENABLE_TESTABILITY = YES;
				GCC_C_LANGUAGE_STANDARD = gnu11;
				GCC_DYNAMIC_NO_PIC = NO;
				GCC_NO_COMMON_BLOCKS = YES;
				GCC_OPTIMIZATION_LEVEL = 0;
				GCC_PREPROCESSOR_DEFINITIONS = (
					"DEBUG=1",
					"$(inherited)",
				);
				GCC_WARN_64_TO_32_BIT_CONVERSION = YES;
				GCC_WARN_ABOUT_RETURN_TYPE = YES_ERROR;
				GCC_WARN_UNDECLARED_SELECTOR = YES;
				GCC_WARN_UNINITIALIZED_AUTOS = YES_AGGRESSIVE;
				GCC_WARN_UNUSED_FUNCTION = YES;
				GCC_WARN_UNUSED_VARIABLE = YES;
				IPHONEOS_DEPLOYMENT_TARGET = 13.2;
				MTL_ENABLE_DEBUG_INFO = INCLUDE_SOURCE;
				MTL_FAST_MATH = YES;
				ONLY_ACTIVE_ARCH = YES;
				SDKROOT = iphoneos;
				SWIFT_ACTIVE_COMPILATION_CONDITIONS = DEBUG;
				SWIFT_OPTIMIZATION_LEVEL = "-Onone";
			};
			name = Debug;
		};
		3C4F6C98240D212D00DEEB2A /* Release */ = {
			isa = XCBuildConfiguration;
			buildSettings = {
				ALWAYS_SEARCH_USER_PATHS = NO;
				CLANG_ANALYZER_NONNULL = YES;
				CLANG_ANALYZER_NUMBER_OBJECT_CONVERSION = YES_AGGRESSIVE;
				CLANG_CXX_LANGUAGE_STANDARD = "gnu++14";
				CLANG_CXX_LIBRARY = "libc++";
				CLANG_ENABLE_MODULES = YES;
				CLANG_ENABLE_OBJC_ARC = YES;
				CLANG_ENABLE_OBJC_WEAK = YES;
				CLANG_WARN_BLOCK_CAPTURE_AUTORELEASING = YES;
				CLANG_WARN_BOOL_CONVERSION = YES;
				CLANG_WARN_COMMA = YES;
				CLANG_WARN_CONSTANT_CONVERSION = YES;
				CLANG_WARN_DEPRECATED_OBJC_IMPLEMENTATIONS = YES;
				CLANG_WARN_DIRECT_OBJC_ISA_USAGE = YES_ERROR;
				CLANG_WARN_DOCUMENTATION_COMMENTS = YES;
				CLANG_WARN_EMPTY_BODY = YES;
				CLANG_WARN_ENUM_CONVERSION = YES;
				CLANG_WARN_INFINITE_RECURSION = YES;
				CLANG_WARN_INT_CONVERSION = YES;
				CLANG_WARN_NON_LITERAL_NULL_CONVERSION = YES;
				CLANG_WARN_OBJC_IMPLICIT_RETAIN_SELF = YES;
				CLANG_WARN_OBJC_LITERAL_CONVERSION = YES;
				CLANG_WARN_OBJC_ROOT_CLASS = YES_ERROR;
				CLANG_WARN_RANGE_LOOP_ANALYSIS = YES;
				CLANG_WARN_STRICT_PROTOTYPES = YES;
				CLANG_WARN_SUSPICIOUS_MOVE = YES;
				CLANG_WARN_UNGUARDED_AVAILABILITY = YES_AGGRESSIVE;
				CLANG_WARN_UNREACHABLE_CODE = YES;
				CLANG_WARN__DUPLICATE_METHOD_MATCH = YES;
				COPY_PHASE_STRIP = NO;
				DEBUG_INFORMATION_FORMAT = "dwarf-with-dsym";
				ENABLE_NS_ASSERTIONS = NO;
				ENABLE_STRICT_OBJC_MSGSEND = YES;
				GCC_C_LANGUAGE_STANDARD = gnu11;
				GCC_NO_COMMON_BLOCKS = YES;
				GCC_WARN_64_TO_32_BIT_CONVERSION = YES;
				GCC_WARN_ABOUT_RETURN_TYPE = YES_ERROR;
				GCC_WARN_UNDECLARED_SELECTOR = YES;
				GCC_WARN_UNINITIALIZED_AUTOS = YES_AGGRESSIVE;
				GCC_WARN_UNUSED_FUNCTION = YES;
				GCC_WARN_UNUSED_VARIABLE = YES;
				IPHONEOS_DEPLOYMENT_TARGET = 13.2;
				MTL_ENABLE_DEBUG_INFO = NO;
				MTL_FAST_MATH = YES;
				SDKROOT = iphoneos;
				SWIFT_COMPILATION_MODE = wholemodule;
				SWIFT_OPTIMIZATION_LEVEL = "-O";
				VALIDATE_PRODUCT = YES;
			};
			name = Release;
		};
		3C4F6C9A240D212D00DEEB2A /* Debug */ = {
			isa = XCBuildConfiguration;
			buildSettings = {
				ASSETCATALOG_COMPILER_APPICON_NAME = AppIcon;
				CODE_SIGN_STYLE = Automatic;
				DEVELOPMENT_TEAM = 223TG9797F;
				INFOPLIST_FILE = StringTest/Info.plist;
				LD_RUNPATH_SEARCH_PATHS = (
					"$(inherited)",
					"@executable_path/Frameworks",
				);
				OTHER_SWIFT_FLAGS = "-Xfrontend -warn-long-expression-type-checking=1";
				PRODUCT_BUNDLE_IDENTIFIER = com.rawd.testString.StringTest;
				PRODUCT_NAME = "$(TARGET_NAME)";
				SWIFT_VERSION = 5.0;
				TARGETED_DEVICE_FAMILY = "1,2";
			};
			name = Debug;
		};
		3C4F6C9B240D212D00DEEB2A /* Release */ = {
			isa = XCBuildConfiguration;
			buildSettings = {
				ASSETCATALOG_COMPILER_APPICON_NAME = AppIcon;
				CODE_SIGN_STYLE = Automatic;
				DEVELOPMENT_TEAM = 223TG9797F;
				INFOPLIST_FILE = StringTest/Info.plist;
				LD_RUNPATH_SEARCH_PATHS = (
					"$(inherited)",
					"@executable_path/Frameworks",
				);
				OTHER_SWIFT_FLAGS = "-Xfrontend -warn-long-expression-type-checking=1";
				PRODUCT_BUNDLE_IDENTIFIER = com.rawd.testString.StringTest;
				PRODUCT_NAME = "$(TARGET_NAME)";
				SWIFT_VERSION = 5.0;
				TARGETED_DEVICE_FAMILY = "1,2";
			};
			name = Release;
		};
		3C4F6C9D240D212D00DEEB2A /* Debug */ = {
			isa = XCBuildConfiguration;
			buildSettings = {
				ALWAYS_EMBED_SWIFT_STANDARD_LIBRARIES = YES;
				BUNDLE_LOADER = "$(TEST_HOST)";
				CODE_SIGN_STYLE = Automatic;
				DEVELOPMENT_TEAM = 223TG9797F;
				INFOPLIST_FILE = StringTestTests/Info.plist;
				IPHONEOS_DEPLOYMENT_TARGET = 13.2;
				LD_RUNPATH_SEARCH_PATHS = (
					"$(inherited)",
					"@executable_path/Frameworks",
					"@loader_path/Frameworks",
				);
				PRODUCT_BUNDLE_IDENTIFIER = com.rawd.testString.StringTestTests;
				PRODUCT_NAME = "$(TARGET_NAME)";
				SWIFT_VERSION = 5.0;
				TARGETED_DEVICE_FAMILY = "1,2";
				TEST_HOST = "$(BUILT_PRODUCTS_DIR)/StringTest.app/StringTest";
			};
			name = Debug;
		};
		3C4F6C9E240D212D00DEEB2A /* Release */ = {
			isa = XCBuildConfiguration;
			buildSettings = {
				ALWAYS_EMBED_SWIFT_STANDARD_LIBRARIES = YES;
				BUNDLE_LOADER = "$(TEST_HOST)";
				CODE_SIGN_STYLE = Automatic;
				DEVELOPMENT_TEAM = 223TG9797F;
				INFOPLIST_FILE = StringTestTests/Info.plist;
				IPHONEOS_DEPLOYMENT_TARGET = 13.2;
				LD_RUNPATH_SEARCH_PATHS = (
					"$(inherited)",
					"@executable_path/Frameworks",
					"@loader_path/Frameworks",
				);
				PRODUCT_BUNDLE_IDENTIFIER = com.rawd.testString.StringTestTests;
				PRODUCT_NAME = "$(TARGET_NAME)";
				SWIFT_VERSION = 5.0;
				TARGETED_DEVICE_FAMILY = "1,2";
				TEST_HOST = "$(BUILT_PRODUCTS_DIR)/StringTest.app/StringTest";
			};
			name = Release;
		};
/* End XCBuildConfiguration section */

/* Begin XCConfigurationList section */
		3C4F6C75240D212B00DEEB2A /* Build configuration list for PBXProject "StringTest" */ = {
			isa = XCConfigurationList;
			buildConfigurations = (
				3C4F6C97240D212D00DEEB2A /* Debug */,
				3C4F6C98240D212D00DEEB2A /* Release */,
			);
			defaultConfigurationIsVisible = 0;
			defaultConfigurationName = Release;
		};
		3C4F6C99240D212D00DEEB2A /* Build configuration list for PBXNativeTarget "StringTest" */ = {
			isa = XCConfigurationList;
			buildConfigurations = (
				3C4F6C9A240D212D00DEEB2A /* Debug */,
				3C4F6C9B240D212D00DEEB2A /* Release */,
			);
			defaultConfigurationIsVisible = 0;
			defaultConfigurationName = Release;
		};
		3C4F6C9C240D212D00DEEB2A /* Build configuration list for PBXNativeTarget "StringTestTests" */ = {
			isa = XCConfigurationList;
			buildConfigurations = (
				3C4F6C9D240D212D00DEEB2A /* Debug */,
				3C4F6C9E240D212D00DEEB2A /* Release */,
			);
			defaultConfigurationIsVisible = 0;
			defaultConfigurationName = Release;
		};
/* End XCConfigurationList section */
	};
	rootObject = 3C4F6C72240D212B00DEEB2A /* Project object */;
}
